
Microsoft Visual Studio Solution File, Format Version 12.00
# Visual Studio 15
VisualStudioVersion = 15.0.28307.1062
MinimumVisualStudioVersion = 10.0.40219.1
Project("{FAE04EC0-301F-11D3-BF4B-00C04F79EFBC}") = "PhieuNhapTaiSan", "PhieuNhapTaiSan\PhieuNhapTaiSan.csproj", "{C94AEE50-1694-4F8E-8597-41572A6FCA2A}"
EndProject
Global
	GlobalSection(SolutionConfigurationPlatforms) = preSolution
		Debug|Any CPU = Debug|Any CPU
		Release|Any CPU = Release|Any CPU
	EndGlobalSection
	GlobalSection(ProjectConfigurationPlatforms) = postSolution
		{C94AEE50-1694-4F8E-8597-41572A6FCA2A}.Debug|Any CPU.ActiveCfg = Debug|Any CPU
		{C94AEE50-1694-4F8E-8597-41572A6FCA2A}.Debug|Any CPU.Build.0 = Debug|Any CPU
		{C94AEE50-1694-4F8E-8597-41572A6FCA2A}.Release|Any CPU.ActiveCfg = Release|Any CPU
		{C94AEE50-1694-4F8E-8597-41572A6FCA2A}.Release|Any CPU.Build.0 = Release|Any CPU
	EndGlobalSection
	GlobalSection(SolutionProperties) = preSolution
		HideSolutionNode = FALSE
	EndGlobalSection
	GlobalSection(ExtensibilityGlobals) = postSolution
		SolutionGuid = {250041DE-7A89-4C43-A377-D83D2D813254}
	EndGlobalSection
EndGlobal
